github.com/Sirupsen/logrus v0.11.5-0.20170308203635-1deb2db2a6ff h1:ILzm0evcADCm90tm0+YKGO4AgSNf/5c/UcYq7KEDaJA=
github.com/Sirupsen/logrus v0.11.5-0.20170308203635-1deb2db2a6ff/go.mod h1:rmk17hk6i8ZSAJkSDa7nOxamrG+SP4P0mm+DAvExv4U=
github.com/davecgh/go-spew v1.1.0 h1:ZDRjVQ15GmhC3fiQ8ni8+OwkZQO4DARzQgrnXU1Liz8=
github.com/davecgh/go-spew v1.1.0/go.mod h1:J7Y8YcW2NihsgmVo/mv3lAwl/skON4iLHjSsI+c5H38=
github.com/docker/docker v1.4.2-0.20161226081950-989e791a42e9 h1:iO+K9CNjMiTRAYxmEMozcDpahn/m2s6Ydp/h5Yv45AA=
github.com/docker/docker v1.4.2-0.20161226081950-989e791a42e9/go.mod h1:eEKB0N0r5NX/I1kEveEz05bcu8tLC/8azJZsviup8Sk=
github.com/fsnotify/fsnotify v1.4.3-0.20161026203122-fd9ec7deca8b h1:bZQ3Z4jYxLufSFf7zo/cLJ/1WahBEMPCFsgcOjzAAzA=
github.com/fsnotify/fsnotify v1.4.3-0.20161026203122-fd9ec7deca8b/go.mod h1:jwhsz4b93w/PPRr/qN1Yymfu8t87LnFCMoQvtojpjFo=
github.com/papertrail/go-tail v0.0.0-20180509224916-973c153b0431 h1:i1egM7gz4bPxLCIwBJOkpk6TqHpjTnL4dE1xdN/4dcs=
github.com/papertrail/go-tail v0.0.0-20180509224916-973c153b0431/go.mod h1:dMID0RaS2a5rhpOjC4RsAKitU6WGgkFBZnPVffL69b8=
github.com/pmezard/go-difflib v1.0.0 h1:4DBwDE0NGyQoBHbLQYPwSUPoCMWR5BEzIk/f1lZbAQM=
github.com/pmezard/go-difflib v1.0.0/go.mod h1:iKH77koFhYxTK1pcRnkKkqfTogsbg7gZNVY4sRDYZ/4=
github.com/spf13/pflag v0.0.0-20160906134334-6fd2ff4ff8df h1:i6BcnijncbnhvDqNliGST7mq6VUAw/npzYAnDWaAB+M=
github.com/spf13/pflag v0.0.0-20160906134334-6fd2ff4ff8df/go.mod h1:DYY7MBk1bdzusC3SYhjObp+wFpr4gzcvqqNjLnInEg4=
github.com/stretchr/objx v0.1.0/go.mod h1:HFkY916IF+rwdDfMAkV7OtwuqBVzrE8GR6GFx+wExME=
github.com/stretchr/testify v1.6.1 h1:hDPOHmpOpP40lSULcqw7IrRb/u7w6RpDC9399XyoNd0=
github.com/stretchr/testify v1.6.1/go.mod h1:6Fq8oRcR53rry900zMqJjRRixrwX3KX962/h/Wwjteg=
golang.org/x/sys v0.0.0-20161023150541-c200b10b5d5e h1:uau++4dmjGy3TuvPvRbhZHY+TQVsImIxtWY5HRh9eho=
golang.org/x/sys v0.0.0-20161023150541-c200b10b5d5e/go.mod h1:STP8DvDyc/dI5b8T5hshtkjS+E42TnysNCUPdjciGhY=
gopkg.in/check.v1 v0.0.0-20161208181325-20d25e280405/go.mod h1:Co6ibVJAznAaIkqp8huTwlJQCZ016jof/cbN4VW5Yz0=
gopkg.in/yaml.v3 v3.0.0-20200313102051-9f266ea9e77c h1:dUUwHk2QECo/6vqA44rthZ8ie2QXMNeKRTHCNY2nXvo=
gopkg.in/yaml.v3 v3.0.0-20200313102051-9f266ea9e77c/go.mod h1:K4uyk7z7BCEPqu6E+C64Yfv1cQ7kz7rIZviUmN+EgEM=
